
Microsoft Visual Studio Solution File, Format Version 12.00
# Visual Studio Version 16
VisualStudioVersion = 16.0.30503.244
MinimumVisualStudioVersion = 10.0.40219.1
Project("{FAE04EC0-301F-11D3-BF4B-00C04F79EFBC}") = "01_Cafe", "01_Cafe\01_Cafe.csproj", "{F584C962-BE52-4229-AF20-8B367CA28559}"
EndProject
Project("{FAE04EC0-301F-11D3-BF4B-00C04F79EFBC}") = "01_Cafe_Tests", "01_Cafe_Tests\01_Cafe_Tests.csproj", "{67D99759-4221-4F33-B8A5-1692037F9BB0}"
EndProject
Project("{FAE04EC0-301F-11D3-BF4B-00C04F79EFBC}") = "01_Cafe_Console", "01_Cafe_Console\01_Cafe_Console.csproj", "{2C1C6BFE-D595-4CB3-AFE3-7BFEE09D5AAE}"
EndProject
Project("{FAE04EC0-301F-11D3-BF4B-00C04F79EFBC}") = "02_Claim_Repository", "02_Claim\02_Claim_Repository.csproj", "{23900DE4-7683-49F6-A268-DD9B33470BC9}"
EndProject
Project("{FAE04EC0-301F-11D3-BF4B-00C04F79EFBC}") = "02_Claim_Tests", "02_ClaimContentTests\02_Claim_Tests.csproj", "{185DF8C2-4073-44B4-AA96-208239A80D44}"
EndProject
Project("{FAE04EC0-301F-11D3-BF4B-00C04F79EFBC}") = "02_Claim_Console", "02_Claim_Console\02_Claim_Console.csproj", "{B47CB48E-2971-4A90-AF69-938047A55BA6}"
EndProject
Project("{FAE04EC0-301F-11D3-BF4B-00C04F79EFBC}") = "03_Badge", "03_Badge\03_Badge.csproj", "{FEE3A294-2FB2-4198-845F-419D4D004BED}"
EndProject
Project("{FAE04EC0-301F-11D3-BF4B-00C04F79EFBC}") = "03_Badge_Tests", "03_Badge_Tests\03_Badge_Tests.csproj", "{67C1CD76-3941-4448-BD4E-28A85D9971D7}"
EndProject
Project("{FAE04EC0-301F-11D3-BF4B-00C04F79EFBC}") = "03_Badge_Console", "03_Badge_Console\03_Badge_Console.csproj", "{1A497AC5-900D-4596-8277-5B188FD3CB89}"
EndProject
Project("{2150E333-8FDC-42A3-9474-1A3956D46DE8}") = "01_KCafe", "01_KCafe", "{9E02A70B-68A6-4E2E-ADC9-0AAF53F2A513}"
EndProject
Project("{2150E333-8FDC-42A3-9474-1A3956D46DE8}") = "02_KClaim", "02_KClaim", "{B5448DBC-21A8-4EF8-891C-06C33C0E3BC1}"
EndProject
Project("{2150E333-8FDC-42A3-9474-1A3956D46DE8}") = "03_KBadge", "03_KBadge", "{0E8290A5-1CB3-4245-9E0E-780FA154D47A}"
EndProject
Global
	GlobalSection(SolutionConfigurationPlatforms) = preSolution
		Debug|Any CPU = Debug|Any CPU
		Release|Any CPU = Release|Any CPU
	EndGlobalSection
	GlobalSection(ProjectConfigurationPlatforms) = postSolution
		{F584C962-BE52-4229-AF20-8B367CA28559}.Debug|Any CPU.ActiveCfg = Debug|Any CPU
		{F584C962-BE52-4229-AF20-8B367CA28559}.Debug|Any CPU.Build.0 = Debug|Any CPU
		{F584C962-BE52-4229-AF20-8B367CA28559}.Release|Any CPU.ActiveCfg = Release|Any CPU
		{F584C962-BE52-4229-AF20-8B367CA28559}.Release|Any CPU.Build.0 = Release|Any CPU
		{67D99759-4221-4F33-B8A5-1692037F9BB0}.Debug|Any CPU.ActiveCfg = Debug|Any CPU
		{67D99759-4221-4F33-B8A5-1692037F9BB0}.Debug|Any CPU.Build.0 = Debug|Any CPU
		{67D99759-4221-4F33-B8A5-1692037F9BB0}.Release|Any CPU.ActiveCfg = Release|Any CPU
		{67D99759-4221-4F33-B8A5-1692037F9BB0}.Release|Any CPU.Build.0 = Release|Any CPU
		{2C1C6BFE-D595-4CB3-AFE3-7BFEE09D5AAE}.Debug|Any CPU.ActiveCfg = Debug|Any CPU
		{2C1C6BFE-D595-4CB3-AFE3-7BFEE09D5AAE}.Debug|Any CPU.Build.0 = Debug|Any CPU
		{2C1C6BFE-D595-4CB3-AFE3-7BFEE09D5AAE}.Release|Any CPU.ActiveCfg = Release|Any CPU
		{2C1C6BFE-D595-4CB3-AFE3-7BFEE09D5AAE}.Release|Any CPU.Build.0 = Release|Any CPU
		{23900DE4-7683-49F6-A268-DD9B33470BC9}.Debug|Any CPU.ActiveCfg = Debug|Any CPU
		{23900DE4-7683-49F6-A268-DD9B33470BC9}.Debug|Any CPU.Build.0 = Debug|Any CPU
		{23900DE4-7683-49F6-A268-DD9B33470BC9}.Release|Any CPU.ActiveCfg = Release|Any CPU
		{23900DE4-7683-49F6-A268-DD9B33470BC9}.Release|Any CPU.Build.0 = Release|Any CPU
		{185DF8C2-4073-44B4-AA96-208239A80D44}.Debug|Any CPU.ActiveCfg = Debug|Any CPU
		{185DF8C2-4073-44B4-AA96-208239A80D44}.Debug|Any CPU.Build.0 = Debug|Any CPU
		{185DF8C2-4073-44B4-AA96-208239A80D44}.Release|Any CPU.ActiveCfg = Release|Any CPU
		{185DF8C2-4073-44B4-AA96-208239A80D44}.Release|Any CPU.Build.0 = Release|Any CPU
		{B47CB48E-2971-4A90-AF69-938047A55BA6}.Debug|Any CPU.ActiveCfg = Debug|Any CPU
		{B47CB48E-2971-4A90-AF69-938047A55BA6}.Debug|Any CPU.Build.0 = Debug|Any CPU
		{B47CB48E-2971-4A90-AF69-938047A55BA6}.Release|Any CPU.ActiveCfg = Release|Any CPU
		{B47CB48E-2971-4A90-AF69-938047A55BA6}.Release|Any CPU.Build.0 = Release|Any CPU
		{FEE3A294-2FB2-4198-845F-419D4D004BED}.Debug|Any CPU.ActiveCfg = Debug|Any CPU
		{FEE3A294-2FB2-4198-845F-419D4D004BED}.Debug|Any CPU.Build.0 = Debug|Any CPU
		{FEE3A294-2FB2-4198-845F-419D4D004BED}.Release|Any CPU.ActiveCfg = Release|Any CPU
		{FEE3A294-2FB2-4198-845F-419D4D004BED}.Release|Any CPU.Build.0 = Release|Any CPU
		{67C1CD76-3941-4448-BD4E-28A85D9971D7}.Debug|Any CPU.ActiveCfg = Debug|Any CPU
		{67C1CD76-3941-4448-BD4E-28A85D9971D7}.Debug|Any CPU.Build.0 = Debug|Any CPU
		{67C1CD76-3941-4448-BD4E-28A85D9971D7}.Release|Any CPU.ActiveCfg = Release|Any CPU
		{67C1CD76-3941-4448-BD4E-28A85D9971D7}.Release|Any CPU.Build.0 = Release|Any CPU
		{1A497AC5-900D-4596-8277-5B188FD3CB89}.Debug|Any CPU.ActiveCfg = Debug|Any CPU
		{1A497AC5-900D-4596-8277-5B188FD3CB89}.Debug|Any CPU.Build.0 = Debug|Any CPU
		{1A497AC5-900D-4596-8277-5B188FD3CB89}.Release|Any CPU.ActiveCfg = Release|Any CPU
		{1A497AC5-900D-4596-8277-5B188FD3CB89}.Release|Any CPU.Build.0 = Release|Any CPU
	EndGlobalSection
	GlobalSection(SolutionProperties) = preSolution
		HideSolutionNode = FALSE
	EndGlobalSection
	GlobalSection(NestedProjects) = preSolution
		{F584C962-BE52-4229-AF20-8B367CA28559} = {9E02A70B-68A6-4E2E-ADC9-0AAF53F2A513}
		{67D99759-4221-4F33-B8A5-1692037F9BB0} = {9E02A70B-68A6-4E2E-ADC9-0AAF53F2A513}
		{2C1C6BFE-D595-4CB3-AFE3-7BFEE09D5AAE} = {9E02A70B-68A6-4E2E-ADC9-0AAF53F2A513}
		{23900DE4-7683-49F6-A268-DD9B33470BC9} = {B5448DBC-21A8-4EF8-891C-06C33C0E3BC1}
		{185DF8C2-4073-44B4-AA96-208239A80D44} = {B5448DBC-21A8-4EF8-891C-06C33C0E3BC1}
		{B47CB48E-2971-4A90-AF69-938047A55BA6} = {B5448DBC-21A8-4EF8-891C-06C33C0E3BC1}
		{FEE3A294-2FB2-4198-845F-419D4D004BED} = {0E8290A5-1CB3-4245-9E0E-780FA154D47A}
		{67C1CD76-3941-4448-BD4E-28A85D9971D7} = {0E8290A5-1CB3-4245-9E0E-780FA154D47A}
		{1A497AC5-900D-4596-8277-5B188FD3CB89} = {0E8290A5-1CB3-4245-9E0E-780FA154D47A}
	EndGlobalSection
	GlobalSection(ExtensibilityGlobals) = postSolution
		SolutionGuid = {1F063121-BABA-4DAF-B7EA-A16E5E2F920E}
	EndGlobalSection
EndGlobal
